// !$*UTF8*$!
{
	archiveVersion = 1;
	classes = {
	};
	objectVersion = 50;
	objects = {

/* Begin PBXBuildFile section */
		0ACCAA7228CAE7F3003537E7 /* AppDelegate.swift in Sources */ = {isa = PBXBuildFile; fileRef = 0ACCAA7128CAE7F3003537E7 /* AppDelegate.swift */; };
		0ACCAA7928CAE7F3003537E7 /* Main.storyboard in Resources */ = {isa = PBXBuildFile; fileRef = 0ACCAA7728CAE7F3003537E7 /* Main.storyboard */; };
		0ACCAA7B28CAE7F5003537E7 /* Assets.xcassets in Resources */ = {isa = PBXBuildFile; fileRef = 0ACCAA7A28CAE7F5003537E7 /* Assets.xcassets */; };
		0ACCAA7E28CAE7F5003537E7 /* LaunchScreen.storyboard in Resources */ = {isa = PBXBuildFile; fileRef = 0ACCAA7C28CAE7F5003537E7 /* LaunchScreen.storyboard */; };
		0ACCAA8828CAE9EE003537E7 /* BaseNavigationController.swift in Sources */ = {isa = PBXBuildFile; fileRef = 0ACCAA8628CAE9EE003537E7 /* BaseNavigationController.swift */; };
		0ACCAA8928CAE9EE003537E7 /* BaseViewController.swift in Sources */ = {isa = PBXBuildFile; fileRef = 0ACCAA8728CAE9EE003537E7 /* BaseViewController.swift */; };
		0ACCAA8B28CAEAAF003537E7 /* ViewController.swift in Sources */ = {isa = PBXBuildFile; fileRef = 0ACCAA8A28CAEAAF003537E7 /* ViewController.swift */; };
		0ACCAA9828CB0618003537E7 /* DynamsoftCameraEnhancer.framework in Frameworks */ = {isa = PBXBuildFile; fileRef = 0ACCAA9528CB0618003537E7 /* DynamsoftCameraEnhancer.framework */; };
		0ACCAA9928CB0619003537E7 /* DynamsoftCameraEnhancer.framework in Embed Frameworks */ = {isa = PBXBuildFile; fileRef = 0ACCAA9528CB0618003537E7 /* DynamsoftCameraEnhancer.framework */; settings = {ATTRIBUTES = (CodeSignOnCopy, RemoveHeadersOnCopy, ); }; };
		0ACCAA9A28CB0619003537E7 /* DynamsoftLabelRecognizer.framework in Frameworks */ = {isa = PBXBuildFile; fileRef = 0ACCAA9628CB0618003537E7 /* DynamsoftLabelRecognizer.framework */; };
		0ACCAA9B28CB0619003537E7 /* DynamsoftLabelRecognizer.framework in Embed Frameworks */ = {isa = PBXBuildFile; fileRef = 0ACCAA9628CB0618003537E7 /* DynamsoftLabelRecognizer.framework */; settings = {ATTRIBUTES = (CodeSignOnCopy, RemoveHeadersOnCopy, ); }; };
		0ACCAA9C28CB0619003537E7 /* DynamsoftCore.framework in Frameworks */ = {isa = PBXBuildFile; fileRef = 0ACCAA9728CB0618003537E7 /* DynamsoftCore.framework */; };
		0ACCAA9D28CB0619003537E7 /* DynamsoftCore.framework in Embed Frameworks */ = {isa = PBXBuildFile; fileRef = 0ACCAA9728CB0618003537E7 /* DynamsoftCore.framework */; settings = {ATTRIBUTES = (CodeSignOnCopy, RemoveHeadersOnCopy, ); }; };
/* End PBXBuildFile section */

/* Begin PBXCopyFilesBuildPhase section */
		0ACCAA9E28CB0619003537E7 /* Embed Frameworks */ = {
			isa = PBXCopyFilesBuildPhase;
			buildActionMask = 2147483647;
			dstPath = "";
			dstSubfolderSpec = 10;
			files = (
				0ACCAA9928CB0619003537E7 /* DynamsoftCameraEnhancer.framework in Embed Frameworks */,
				0ACCAA9B28CB0619003537E7 /* DynamsoftLabelRecognizer.framework in Embed Frameworks */,
				0ACCAA9D28CB0619003537E7 /* DynamsoftCore.framework in Embed Frameworks */,
			);
			name = "Embed Frameworks";
			runOnlyForDeploymentPostprocessing = 0;
		};
/* End PBXCopyFilesBuildPhase section */

/* Begin PBXFileReference section */
		0ACCAA6E28CAE7F3003537E7 /* HelloWorldSwift.app */ = {isa = PBXFileReference; explicitFileType = wrapper.application; includeInIndex = 0; path = HelloWorldSwift.app; sourceTree = BUILT_PRODUCTS_DIR; };
		0ACCAA7128CAE7F3003537E7 /* AppDelegate.swift */ = {isa = PBXFileReference; lastKnownFileType = sourcecode.swift; path = AppDelegate.swift; sourceTree = "<group>"; };
		0ACCAA7828CAE7F3003537E7 /* Base */ = {isa = PBXFileReference; lastKnownFileType = file.storyboard; name = Base; path = Base.lproj/Main.storyboard; sourceTree = "<group>"; };
		0ACCAA7A28CAE7F5003537E7 /* Assets.xcassets */ = {isa = PBXFileReference; lastKnownFileType = folder.assetcatalog; path = Assets.xcassets; sourceTree = "<group>"; };
		0ACCAA7D28CAE7F5003537E7 /* Base */ = {isa = PBXFileReference; lastKnownFileType = file.storyboard; name = Base; path = Base.lproj/LaunchScreen.storyboard; sourceTree = "<group>"; };
		0ACCAA7F28CAE7F5003537E7 /* Info.plist */ = {isa = PBXFileReference; lastKnownFileType = text.plist.xml; path = Info.plist; sourceTree = "<group>"; };
		0ACCAA8628CAE9EE003537E7 /* BaseNavigationController.swift */ = {isa = PBXFileReference; fileEncoding = 4; lastKnownFileType = sourcecode.swift; path = BaseNavigationController.swift; sourceTree = "<group>"; };
		0ACCAA8728CAE9EE003537E7 /* BaseViewController.swift */ = {isa = PBXFileReference; fileEncoding = 4; lastKnownFileType = sourcecode.swift; path = BaseViewController.swift; sourceTree = "<group>"; };
		0ACCAA8A28CAEAAF003537E7 /* ViewController.swift */ = {isa = PBXFileReference; lastKnownFileType = sourcecode.swift; path = ViewController.swift; sourceTree = "<group>"; };
		0ACCAA9528CB0618003537E7 /* DynamsoftCameraEnhancer.framework */ = {isa = PBXFileReference; lastKnownFileType = wrapper.framework; name = DynamsoftCameraEnhancer.framework; path = ../../../Frameworks/DynamsoftCameraEnhancer.framework; sourceTree = "<group>"; };
		0ACCAA9628CB0618003537E7 /* DynamsoftLabelRecognizer.framework */ = {isa = PBXFileReference; lastKnownFileType = wrapper.framework; name = DynamsoftLabelRecognizer.framework; path = ../../../Frameworks/DynamsoftLabelRecognizer.framework; sourceTree = "<group>"; };
		0ACCAA9728CB0618003537E7 /* DynamsoftCore.framework */ = {isa = PBXFileReference; lastKnownFileType = wrapper.framework; name = DynamsoftCore.framework; path = ../../../Frameworks/DynamsoftCore.framework; sourceTree = "<group>"; };
		0ACCAA9F28CB067B003537E7 /* HelloWorldSwift-Bridging-Header.h */ = {isa = PBXFileReference; lastKnownFileType = sourcecode.c.h; path = "HelloWorldSwift-Bridging-Header.h"; sourceTree = "<group>"; };
/* End PBXFileReference section */

/* Begin PBXFrameworksBuildPhase section */
		0ACCAA6B28CAE7F3003537E7 /* Frameworks */ = {
			isa = PBXFrameworksBuildPhase;
			buildActionMask = 2147483647;
			files = (
				0ACCAA9828CB0618003537E7 /* DynamsoftCameraEnhancer.framework in Frameworks */,
				0ACCAA9A28CB0619003537E7 /* DynamsoftLabelRecognizer.framework in Frameworks */,
				0ACCAA9C28CB0619003537E7 /* DynamsoftCore.framework in Frameworks */,
			);
			runOnlyForDeploymentPostprocessing = 0;
		};
/* End PBXFrameworksBuildPhase section */

/* Begin PBXGroup section */
		0ACCAA6528CAE7F3003537E7 = {
			isa = PBXGroup;
			children = (
				0ACCAA7028CAE7F3003537E7 /* HelloWorldSwift */,
				0ACCAA6F28CAE7F3003537E7 /* Products */,
				0ACCAA9428CB0618003537E7 /* Frameworks */,
			);
			sourceTree = "<group>";
		};
		0ACCAA6F28CAE7F3003537E7 /* Products */ = {
			isa = PBXGroup;
			children = (
				0ACCAA6E28CAE7F3003537E7 /* HelloWorldSwift.app */,
			);
			name = Products;
			sourceTree = "<group>";
		};
		0ACCAA7028CAE7F3003537E7 /* HelloWorldSwift */ = {
			isa = PBXGroup;
			children = (
				0ACCAA8528CAE9B5003537E7 /* BaseViewController */,
				0ACCAA7128CAE7F3003537E7 /* AppDelegate.swift */,
				0ACCAA8A28CAEAAF003537E7 /* ViewController.swift */,
				0ACCAA7728CAE7F3003537E7 /* Main.storyboard */,
				0ACCAA7A28CAE7F5003537E7 /* Assets.xcassets */,
				0ACCAA7C28CAE7F5003537E7 /* LaunchScreen.storyboard */,
				0ACCAA7F28CAE7F5003537E7 /* Info.plist */,
				0ACCAA9F28CB067B003537E7 /* HelloWorldSwift-Bridging-Header.h */,
			);
			path = HelloWorldSwift;
			sourceTree = "<group>";
		};
		0ACCAA8528CAE9B5003537E7 /* BaseViewController */ = {
			isa = PBXGroup;
			children = (
				0ACCAA8628CAE9EE003537E7 /* BaseNavigationController.swift */,
				0ACCAA8728CAE9EE003537E7 /* BaseViewController.swift */,
			);
			path = BaseViewController;
			sourceTree = "<group>";
		};
		0ACCAA9428CB0618003537E7 /* Frameworks */ = {
			isa = PBXGroup;
			children = (
				0ACCAA9528CB0618003537E7 /* DynamsoftCameraEnhancer.framework */,
				0ACCAA9728CB0618003537E7 /* DynamsoftCore.framework */,
				0ACCAA9628CB0618003537E7 /* DynamsoftLabelRecognizer.framework */,
			);
			name = Frameworks;
			sourceTree = "<group>";
		};
/* End PBXGroup section */

/* Begin PBXNativeTarget section */
		0ACCAA6D28CAE7F3003537E7 /* HelloWorldSwift */ = {
			isa = PBXNativeTarget;
			buildConfigurationList = 0ACCAA8228CAE7F5003537E7 /* Build configuration list for PBXNativeTarget "HelloWorldSwift" */;
			buildPhases = (
				0ACCAA6A28CAE7F3003537E7 /* Sources */,
				0ACCAA6B28CAE7F3003537E7 /* Frameworks */,
				0ACCAA6C28CAE7F3003537E7 /* Resources */,
				0ACCAA9E28CB0619003537E7 /* Embed Frameworks */,
			);
			buildRules = (
			);
			dependencies = (
			);
			name = HelloWorldSwift;
			productName = HelloWorldSwift;
			productReference = 0ACCAA6E28CAE7F3003537E7 /* HelloWorldSwift.app */;
			productType = "com.apple.product-type.application";
		};
/* End PBXNativeTarget section */

/* Begin PBXProject section */
		0ACCAA6628CAE7F3003537E7 /* Project object */ = {
			isa = PBXProject;
			attributes = {
				LastSwiftUpdateCheck = 1340;
				LastUpgradeCheck = 1340;
				TargetAttributes = {
					0ACCAA6D28CAE7F3003537E7 = {
						CreatedOnToolsVersion = 13.4.1;
						LastSwiftMigration = 1340;
					};
				};
			};
			buildConfigurationList = 0ACCAA6928CAE7F3003537E7 /* Build configuration list for PBXProject "HelloWorldSwift" */;
			compatibilityVersion = "Xcode 13.0";
			developmentRegion = en;
			hasScannedForEncodings = 0;
			knownRegions = (
				en,
				Base,
			);
			mainGroup = 0ACCAA6528CAE7F3003537E7;
			productRefGroup = 0ACCAA6F28CAE7F3003537E7 /* Products */;
			projectDirPath = "";
			projectRoot = "";
			targets = (
				0ACCAA6D28CAE7F3003537E7 /* HelloWorldSwift */,
			);
		};
/* End PBXProject section */

/* Begin PBXResourcesBuildPhase section */
		0ACCAA6C28CAE7F3003537E7 /* Resources */ = {
			isa = PBXResourcesBuildPhase;
			buildActionMask = 2147483647;
			files = (
				0ACCAA7E28CAE7F5003537E7 /* LaunchScreen.storyboard in Resources */,
				0ACCAA7B28CAE7F5003537E7 /* Assets.xcassets in Resources */,
				0ACCAA7928CAE7F3003537E7 /* Main.storyboard in Resources */,
			);
			runOnlyForDeploymentPostprocessing = 0;
		};
/* End PBXResourcesBuildPhase section */

/* Begin PBXSourcesBuildPhase section */
		0ACCAA6A28CAE7F3003537E7 /* Sources */ = {
			isa = PBXSourcesBuildPhase;
			buildActionMask = 2147483647;
			files = (
				0ACCAA8928CAE9EE003537E7 /* BaseViewController.swift in Sources */,
				0ACCAA7228CAE7F3003537E7 /* AppDelegate.swift in Sources */,
				0ACCAA8B28CAEAAF003537E7 /* ViewController.swift in Sources */,
				0ACCAA8828CAE9EE003537E7 /* BaseNavigationController.swift in Sources */,
			);
			runOnlyForDeploymentPostprocessing = 0;
		};
/* End PBXSourcesBuildPhase section */

/* Begin PBXVariantGroup section */
		0ACCAA7728CAE7F3003537E7 /* Main.storyboard */ = {
			isa = PBXVariantGroup;
			children = (
				0ACCAA7828CAE7F3003537E7 /* Base */,
			);
			name = Main.storyboard;
			sourceTree = "<group>";
		};
		0ACCAA7C28CAE7F5003537E7 /* LaunchScreen.storyboard */ = {
			isa = PBXVariantGroup;
			children = (
				0ACCAA7D28CAE7F5003537E7 /* Base */,
			);
			name = LaunchScreen.storyboard;
			sourceTree = "<group>";
		};
/* End PBXVariantGroup section */

/* Begin XCBuildConfiguration section */
		0ACCAA8028CAE7F5003537E7 /* Debug */ = {
			isa = XCBuildConfiguration;
			buildSettings = {
				ALWAYS_SEARCH_USER_PATHS = NO;
				CLANG_ANALYZER_NONNULL = YES;
				CLANG_ANALYZER_NUMBER_OBJECT_CONVERSION = YES_AGGRESSIVE;
				CLANG_CXX_LANGUAGE_STANDARD = "gnu++17";
				CLANG_ENABLE_MODULES = YES;
				CLANG_ENABLE_OBJC_ARC = YES;
				CLANG_ENABLE_OBJC_WEAK = YES;
				CLANG_WARN_BLOCK_CAPTURE_AUTORELEASING = YES;
				CLANG_WARN_BOOL_CONVERSION = YES;
				CLANG_WARN_COMMA = YES;
				CLANG_WARN_CONSTANT_CONVERSION = YES;
				CLANG_WARN_DEPRECATED_OBJC_IMPLEMENTATIONS = YES;
				CLANG_WARN_DIRECT_OBJC_ISA_USAGE = YES_ERROR;
				CLANG_WARN_DOCUMENTATION_COMMENTS = YES;
				CLANG_WARN_EMPTY_BODY = YES;
				CLANG_WARN_ENUM_CONVERSION = YES;
				CLANG_WARN_INFINITE_RECURSION = YES;
				CLANG_WARN_INT_CONVERSION = YES;
				CLANG_WARN_NON_LITERAL_NULL_CONVERSION = YES;
				CLANG_WARN_OBJC_IMPLICIT_RETAIN_SELF = YES;
				CLANG_WARN_OBJC_LITERAL_CONVERSION = YES;
				CLANG_WARN_OBJC_ROOT_CLASS = YES_ERROR;
				CLANG_WARN_QUOTED_INCLUDE_IN_FRAMEWORK_HEADER = YES;
				CLANG_WARN_RANGE_LOOP_ANALYSIS = YES;
				CLANG_WARN_STRICT_PROTOTYPES = YES;
				CLANG_WARN_SUSPICIOUS_MOVE = YES;
				CLANG_WARN_UNGUARDED_AVAILABILITY = YES_AGGRESSIVE;
				CLANG_WARN_UNREACHABLE_CODE = YES;
				CLANG_WARN__DUPLICATE_METHOD_MATCH = YES;
				COPY_PHASE_STRIP = NO;
				DEBUG_INFORMATION_FORMAT = dwarf;
				ENABLE_STRICT_OBJC_MSGSEND = YES;
				ENABLE_TESTABILITY = YES;
				GCC_C_LANGUAGE_STANDARD = gnu11;
				GCC_DYNAMIC_NO_PIC = NO;
				GCC_NO_COMMON_BLOCKS = YES;
				GCC_OPTIMIZATION_LEVEL = 0;
				GCC_PREPROCESSOR_DEFINITIONS = (
					"DEBUG=1",
					"$(inherited)",
				);
				GCC_WARN_64_TO_32_BIT_CONVERSION = YES;
				GCC_WARN_ABOUT_RETURN_TYPE = YES_ERROR;
				GCC_WARN_UNDECLARED_SELECTOR = YES;
				GCC_WARN_UNINITIALIZED_AUTOS = YES_AGGRESSIVE;
				GCC_WARN_UNUSED_FUNCTION = YES;
				GCC_WARN_UNUSED_VARIABLE = YES;
				IPHONEOS_DEPLOYMENT_TARGET = 15.5;
				MTL_ENABLE_DEBUG_INFO = INCLUDE_SOURCE;
				MTL_FAST_MATH = YES;
				ONLY_ACTIVE_ARCH = YES;
				SDKROOT = iphoneos;
				SWIFT_ACTIVE_COMPILATION_CONDITIONS = DEBUG;
				SWIFT_OPTIMIZATION_LEVEL = "-Onone";
			};
			name = Debug;
		};
		0ACCAA8128CAE7F5003537E7 /* Release */ = {
			isa = XCBuildConfiguration;
			buildSettings = {
				ALWAYS_SEARCH_USER_PATHS = NO;
				CLANG_ANALYZER_NONNULL = YES;
				CLANG_ANALYZER_NUMBER_OBJECT_CONVERSION = YES_AGGRESSIVE;
				CLANG_CXX_LANGUAGE_STANDARD = "gnu++17";
				CLANG_ENABLE_MODULES = YES;
				CLANG_ENABLE_OBJC_ARC = YES;
				CLANG_ENABLE_OBJC_WEAK = YES;
				CLANG_WARN_BLOCK_CAPTURE_AUTORELEASING = YES;
				CLANG_WARN_BOOL_CONVERSION = YES;
				CLANG_WARN_COMMA = YES;
				CLANG_WARN_CONSTANT_CONVERSION = YES;
				CLANG_WARN_DEPRECATED_OBJC_IMPLEMENTATIONS = YES;
				CLANG_WARN_DIRECT_OBJC_ISA_USAGE = YES_ERROR;
				CLANG_WARN_DOCUMENTATION_COMMENTS = YES;
				CLANG_WARN_EMPTY_BODY = YES;
				CLANG_WARN_ENUM_CONVERSION = YES;
				CLANG_WARN_INFINITE_RECURSION = YES;
				CLANG_WARN_INT_CONVERSION = YES;
				CLANG_WARN_NON_LITERAL_NULL_CONVERSION = YES;
				CLANG_WARN_OBJC_IMPLICIT_RETAIN_SELF = YES;
				CLANG_WARN_OBJC_LITERAL_CONVERSION = YES;
				CLANG_WARN_OBJC_ROOT_CLASS = YES_ERROR;
				CLANG_WARN_QUOTED_INCLUDE_IN_FRAMEWORK_HEADER = YES;
				CLANG_WARN_RANGE_LOOP_ANALYSIS = YES;
				CLANG_WARN_STRICT_PROTOTYPES = YES;
				CLANG_WARN_SUSPICIOUS_MOVE = YES;
				CLANG_WARN_UNGUARDED_AVAILABILITY = YES_AGGRESSIVE;
				CLANG_WARN_UNREACHABLE_CODE = YES;
				CLANG_WARN__DUPLICATE_METHOD_MATCH = YES;
				COPY_PHASE_STRIP = NO;
				DEBUG_INFORMATION_FORMAT = "dwarf-with-dsym";
				ENABLE_NS_ASSERTIONS = NO;
				ENABLE_STRICT_OBJC_MSGSEND = YES;
				GCC_C_LANGUAGE_STANDARD = gnu11;
				GCC_NO_COMMON_BLOCKS = YES;
				GCC_WARN_64_TO_32_BIT_CONVERSION = YES;
				GCC_WARN_ABOUT_RETURN_TYPE = YES_ERROR;
				GCC_WARN_UNDECLARED_SELECTOR = YES;
				GCC_WARN_UNINITIALIZED_AUTOS = YES_AGGRESSIVE;
				GCC_WARN_UNUSED_FUNCTION = YES;
				GCC_WARN_UNUSED_VARIABLE = YES;
				IPHONEOS_DEPLOYMENT_TARGET = 15.5;
				MTL_ENABLE_DEBUG_INFO = NO;
				MTL_FAST_MATH = YES;
				SDKROOT = iphoneos;
				SWIFT_COMPILATION_MODE = wholemodule;
				SWIFT_OPTIMIZATION_LEVEL = "-O";
				VALIDATE_PRODUCT = YES;
			};
			name = Release;
		};
		0ACCAA8328CAE7F5003537E7 /* Debug */ = {
			isa = XCBuildConfiguration;
			buildSettings = {
				ASSETCATALOG_COMPILER_APPICON_NAME = AppIcon;
				ASSETCATALOG_COMPILER_GLOBAL_ACCENT_COLOR_NAME = AccentColor;
				CLANG_ENABLE_MODULES = YES;
				CODE_SIGN_STYLE = Automatic;
				CURRENT_PROJECT_VERSION = 1;
				DEVELOPMENT_TEAM = W6PESGXW9M;
				FRAMEWORK_SEARCH_PATHS = ../../../Frameworks;
				GENERATE_INFOPLIST_FILE = YES;
				INFOPLIST_FILE = HelloWorldSwift/Info.plist;
				INFOPLIST_KEY_NSCameraUsageDescription = "Require authorization To scan.";
				INFOPLIST_KEY_UIApplicationSupportsIndirectInputEvents = YES;
				INFOPLIST_KEY_UILaunchStoryboardName = LaunchScreen;
				INFOPLIST_KEY_UIMainStoryboardFile = Main;
				INFOPLIST_KEY_UISupportedInterfaceOrientations = UIInterfaceOrientationPortrait;
				INFOPLIST_KEY_UISupportedInterfaceOrientations_iPhone = UIInterfaceOrientationPortrait;
				IPHONEOS_DEPLOYMENT_TARGET = 9.0;
				LD_RUNPATH_SEARCH_PATHS = (
					"$(inherited)",
					"@executable_path/Frameworks",
				);
				MARKETING_VERSION = 1.0;
				PRODUCT_BUNDLE_IDENTIFIER = com.dynamsoft.HelloWorldSwift;
				PRODUCT_NAME = "$(TARGET_NAME)";
				SWIFT_EMIT_LOC_STRINGS = YES;
				SWIFT_OBJC_BRIDGING_HEADER = "HelloWorldSwift/HelloWorldSwift-Bridging-Header.h";
				SWIFT_OPTIMIZATION_LEVEL = "-Onone";
				SWIFT_VERSION = 5.0;
				TARGETED_DEVICE_FAMILY = 1;
				VALIDATE_WORKSPACE = NO;
			};
			name = Debug;
		};
		0ACCAA8428CAE7F5003537E7 /* Release */ = {
			isa = XCBuildConfiguration;
			buildSettings = {
				ASSETCATALOG_COMPILER_APPICON_NAME = AppIcon;
				ASSETCATALOG_COMPILER_GLOBAL_ACCENT_COLOR_NAME = AccentColor;
				CLANG_ENABLE_MODULES = YES;
				CODE_SIGN_STYLE = Automatic;
				CURRENT_PROJECT_VERSION = 1;
				DEVELOPMENT_TEAM = W6PESGXW9M;
				FRAMEWORK_SEARCH_PATHS = ../../../Frameworks;
				GENERATE_INFOPLIST_FILE = YES;
				INFOPLIST_FILE = HelloWorldSwift/Info.plist;
				INFOPLIST_KEY_NSCameraUsageDescription = "Require authorization To scan.";
				INFOPLIST_KEY_UIApplicationSupportsIndirectInputEvents = YES;
				INFOPLIST_KEY_UILaunchStoryboardName = LaunchScreen;
				INFOPLIST_KEY_UIMainStoryboardFile = Main;
				INFOPLIST_KEY_UISupportedInterfaceOrientations = UIInterfaceOrientationPortrait;
				INFOPLIST_KEY_UISupportedInterfaceOrientations_iPhone = UIInterfaceOrientationPortrait;
				IPHONEOS_DEPLOYMENT_TARGET = 9.0;
				LD_RUNPATH_SEARCH_PATHS = (
					"$(inherited)",
					"@executable_path/Frameworks",
				);
				MARKETING_VERSION = 1.0;
				PRODUCT_BUNDLE_IDENTIFIER = com.dynamsoft.HelloWorldSwift;
				PRODUCT_NAME = "$(TARGET_NAME)";
				SWIFT_EMIT_LOC_STRINGS = YES;
				SWIFT_OBJC_BRIDGING_HEADER = "HelloWorldSwift/HelloWorldSwift-Bridging-Header.h";
				SWIFT_VERSION = 5.0;
				TARGETED_DEVICE_FAMILY = 1;
				VALIDATE_WORKSPACE = NO;
			};
			name = Release;
		};
/* End XCBuildConfiguration section */

/* Begin XCConfigurationList section */
		0ACCAA6928CAE7F3003537E7 /* Build configuration list for PBXProject "HelloWorldSwift" */ = {
			isa = XCConfigurationList;
			buildConfigurations = (
				0ACCAA8028CAE7F5003537E7 /* Debug */,
				0ACCAA8128CAE7F5003537E7 /* Release */,
			);
			defaultConfigurationIsVisible = 0;
			defaultConfigurationName = Release;
		};
		0ACCAA8228CAE7F5003537E7 /* Build configuration list for PBXNativeTarget "HelloWorldSwift" */ = {
			isa = XCConfigurationList;
			buildConfigurations = (
				0ACCAA8328CAE7F5003537E7 /* Debug */,
				0ACCAA8428CAE7F5003537E7 /* Release */,
			);
			defaultConfigurationIsVisible = 0;
			defaultConfigurationName = Release;
		};
/* End XCConfigurationList section */
	};
	rootObject = 0ACCAA6628CAE7F3003537E7 /* Project object */;
}
