// !$*UTF8*$!
{
	archiveVersion = 1;
	classes = {
	};
	objectVersion = 51;
	objects = {

/* Begin PBXBuildFile section */
		6892A3BF268C5B1600CD8907 /* AppDelegate.m in Sources */ = {isa = PBXBuildFile; fileRef = 6892A3BE268C5B1600CD8907 /* AppDelegate.m */; };
		6892A3C5268C5B1600CD8907 /* ViewController.m in Sources */ = {isa = PBXBuildFile; fileRef = 6892A3C4268C5B1600CD8907 /* ViewController.m */; };
		6892A3C8268C5B1600CD8907 /* Main.storyboard in Resources */ = {isa = PBXBuildFile; fileRef = 6892A3C6268C5B1600CD8907 /* Main.storyboard */; };
		6892A3CA268C5B1A00CD8907 /* Assets.xcassets in Resources */ = {isa = PBXBuildFile; fileRef = 6892A3C9268C5B1A00CD8907 /* Assets.xcassets */; };
		6892A3CD268C5B1A00CD8907 /* LaunchScreen.storyboard in Resources */ = {isa = PBXBuildFile; fileRef = 6892A3CB268C5B1A00CD8907 /* LaunchScreen.storyboard */; };
		6892A3D0268C5B1A00CD8907 /* main.m in Sources */ = {isa = PBXBuildFile; fileRef = 6892A3CF268C5B1A00CD8907 /* main.m */; };
		6892A4A9268EE9B700CD8907 /* SceneDelegate.m in Sources */ = {isa = PBXBuildFile; fileRef = 6892A4A8268EE9B700CD8907 /* SceneDelegate.m */; };
/* End PBXBuildFile section */

/* Begin PBXCopyFilesBuildPhase section */
		68C8D5E726D3A4FE00E9A58A /* Embed Frameworks */ = {
			isa = PBXCopyFilesBuildPhase;
			buildActionMask = 2147483647;
			dstPath = "";
			dstSubfolderSpec = 10;
			files = (
			);
			name = "Embed Frameworks";
			runOnlyForDeploymentPostprocessing = 0;
		};
/* End PBXCopyFilesBuildPhase section */

/* Begin PBXFileReference section */
		6892A3BA268C5B1600CD8907 /* HelloWorldObjC.app */ = {isa = PBXFileReference; explicitFileType = wrapper.application; includeInIndex = 0; path = HelloWorldObjC.app; sourceTree = BUILT_PRODUCTS_DIR; };
		6892A3BD268C5B1600CD8907 /* AppDelegate.h */ = {isa = PBXFileReference; lastKnownFileType = sourcecode.c.h; path = AppDelegate.h; sourceTree = "<group>"; };
		6892A3BE268C5B1600CD8907 /* AppDelegate.m */ = {isa = PBXFileReference; lastKnownFileType = sourcecode.c.objc; path = AppDelegate.m; sourceTree = "<group>"; };
		6892A3C3268C5B1600CD8907 /* ViewController.h */ = {isa = PBXFileReference; lastKnownFileType = sourcecode.c.h; path = ViewController.h; sourceTree = "<group>"; };
		6892A3C4268C5B1600CD8907 /* ViewController.m */ = {isa = PBXFileReference; lastKnownFileType = sourcecode.c.objc; path = ViewController.m; sourceTree = "<group>"; };
		6892A3C7268C5B1600CD8907 /* Base */ = {isa = PBXFileReference; lastKnownFileType = file.storyboard; name = Base; path = Base.lproj/Main.storyboard; sourceTree = "<group>"; };
		6892A3C9268C5B1A00CD8907 /* Assets.xcassets */ = {isa = PBXFileReference; lastKnownFileType = folder.assetcatalog; path = Assets.xcassets; sourceTree = "<group>"; };
		6892A3CC268C5B1A00CD8907 /* Base */ = {isa = PBXFileReference; lastKnownFileType = file.storyboard; name = Base; path = Base.lproj/LaunchScreen.storyboard; sourceTree = "<group>"; };
		6892A3CE268C5B1A00CD8907 /* Info.plist */ = {isa = PBXFileReference; lastKnownFileType = text.plist.xml; path = Info.plist; sourceTree = "<group>"; };
		6892A3CF268C5B1A00CD8907 /* main.m */ = {isa = PBXFileReference; lastKnownFileType = sourcecode.c.objc; path = main.m; sourceTree = "<group>"; };
		6892A4A7268EE9B700CD8907 /* SceneDelegate.h */ = {isa = PBXFileReference; fileEncoding = 4; lastKnownFileType = sourcecode.c.h; path = SceneDelegate.h; sourceTree = "<group>"; };
		6892A4A8268EE9B700CD8907 /* SceneDelegate.m */ = {isa = PBXFileReference; fileEncoding = 4; lastKnownFileType = sourcecode.c.objc; path = SceneDelegate.m; sourceTree = "<group>"; };
/* End PBXFileReference section */

/* Begin PBXFrameworksBuildPhase section */
		6892A3B7268C5B1600CD8907 /* Frameworks */ = {
			isa = PBXFrameworksBuildPhase;
			buildActionMask = 2147483647;
			files = (
			);
			runOnlyForDeploymentPostprocessing = 0;
		};
/* End PBXFrameworksBuildPhase section */

/* Begin PBXGroup section */
		6892A3B1268C5B1600CD8907 = {
			isa = PBXGroup;
			children = (
				6892A3BC268C5B1600CD8907 /* HelloWorldObjC */,
				6892A3BB268C5B1600CD8907 /* Products */,
				6892A3DF268D63BC00CD8907 /* Frameworks */,
			);
			sourceTree = "<group>";
		};
		6892A3BB268C5B1600CD8907 /* Products */ = {
			isa = PBXGroup;
			children = (
				6892A3BA268C5B1600CD8907 /* HelloWorldObjC.app */,
			);
			name = Products;
			sourceTree = "<group>";
		};
		6892A3BC268C5B1600CD8907 /* HelloWorldObjC */ = {
			isa = PBXGroup;
			children = (
				6892A4A7268EE9B700CD8907 /* SceneDelegate.h */,
				6892A4A8268EE9B700CD8907 /* SceneDelegate.m */,
				6892A3BD268C5B1600CD8907 /* AppDelegate.h */,
				6892A3BE268C5B1600CD8907 /* AppDelegate.m */,
				6892A3C3268C5B1600CD8907 /* ViewController.h */,
				6892A3C4268C5B1600CD8907 /* ViewController.m */,
				6892A3C6268C5B1600CD8907 /* Main.storyboard */,
				6892A3C9268C5B1A00CD8907 /* Assets.xcassets */,
				6892A3CB268C5B1A00CD8907 /* LaunchScreen.storyboard */,
				6892A3CE268C5B1A00CD8907 /* Info.plist */,
				6892A3CF268C5B1A00CD8907 /* main.m */,
			);
			path = HelloWorldObjC;
			sourceTree = "<group>";
		};
		6892A3DF268D63BC00CD8907 /* Frameworks */ = {
			isa = PBXGroup;
			children = (
			);
			name = Frameworks;
			sourceTree = "<group>";
		};
/* End PBXGroup section */

/* Begin PBXNativeTarget section */
		6892A3B9268C5B1600CD8907 /* HelloWorldObjC */ = {
			isa = PBXNativeTarget;
			buildConfigurationList = 6892A3D3268C5B1A00CD8907 /* Build configuration list for PBXNativeTarget "HelloWorldObjC" */;
			buildPhases = (
				4AF8FFC63EE37AD4E66667B0 /* [CP] Check Pods Manifest.lock */,
				6892A3B6268C5B1600CD8907 /* Sources */,
				6892A3B7268C5B1600CD8907 /* Frameworks */,
				6892A3B8268C5B1600CD8907 /* Resources */,
				68C8D5E726D3A4FE00E9A58A /* Embed Frameworks */,
				84306962577049E40783EE17 /* [CP] Embed Pods Frameworks */,
			);
			buildRules = (
			);
			dependencies = (
			);
			name = HelloWorldObjC;
			productName = DLRObjcSample;
			productReference = 6892A3BA268C5B1600CD8907 /* HelloWorldObjC.app */;
			productType = "com.apple.product-type.application";
		};
/* End PBXNativeTarget section */

/* Begin PBXProject section */
		6892A3B2268C5B1600CD8907 /* Project object */ = {
			isa = PBXProject;
			attributes = {
				LastUpgradeCheck = 1220;
				TargetAttributes = {
					6892A3B9268C5B1600CD8907 = {
						CreatedOnToolsVersion = 12.2;
					};
				};
			};
			buildConfigurationList = 6892A3B5268C5B1600CD8907 /* Build configuration list for PBXProject "HelloWorldObjC" */;
			compatibilityVersion = "Xcode 9.3";
			developmentRegion = en;
			hasScannedForEncodings = 0;
			knownRegions = (
				en,
				Base,
			);
			mainGroup = 6892A3B1268C5B1600CD8907;
			productRefGroup = 6892A3BB268C5B1600CD8907 /* Products */;
			projectDirPath = "";
			projectRoot = "";
			targets = (
				6892A3B9268C5B1600CD8907 /* HelloWorldObjC */,
			);
		};
/* End PBXProject section */

/* Begin PBXResourcesBuildPhase section */
		6892A3B8268C5B1600CD8907 /* Resources */ = {
			isa = PBXResourcesBuildPhase;
			buildActionMask = 2147483647;
			files = (
				6892A3CD268C5B1A00CD8907 /* LaunchScreen.storyboard in Resources */,
				6892A3CA268C5B1A00CD8907 /* Assets.xcassets in Resources */,
				6892A3C8268C5B1600CD8907 /* Main.storyboard in Resources */,
			);
			runOnlyForDeploymentPostprocessing = 0;
		};
/* End PBXResourcesBuildPhase section */

/* Begin PBXShellScriptBuildPhase section */
		4AF8FFC63EE37AD4E66667B0 /* [CP] Check Pods Manifest.lock */ = {
			isa = PBXShellScriptBuildPhase;
			buildActionMask = 2147483647;
			files = (
			);
			inputFileListPaths = (
			);
			inputPaths = (
				"${PODS_PODFILE_DIR_PATH}/Podfile.lock",
				"${PODS_ROOT}/Manifest.lock",
			);
			name = "[CP] Check Pods Manifest.lock";
			outputFileListPaths = (
			);
			outputPaths = (
				"$(DERIVED_FILE_DIR)/Pods-HelloWorld_ObjC-checkManifestLockResult.txt",
			);
			runOnlyForDeploymentPostprocessing = 0;
			shellPath = /bin/sh;
			shellScript = "diff \"${PODS_PODFILE_DIR_PATH}/Podfile.lock\" \"${PODS_ROOT}/Manifest.lock\" > /dev/null\nif [ $? != 0 ] ; then\n    # print error to STDERR\n    echo \"error: The sandbox is not in sync with the Podfile.lock. Run 'pod install' or update your CocoaPods installation.\" >&2\n    exit 1\nfi\n# This output is used by Xcode 'outputs' to avoid re-running this script phase.\necho \"SUCCESS\" > \"${SCRIPT_OUTPUT_FILE_0}\"\n";
			showEnvVarsInLog = 0;
		};
		84306962577049E40783EE17 /* [CP] Embed Pods Frameworks */ = {
			isa = PBXShellScriptBuildPhase;
			buildActionMask = 2147483647;
			files = (
			);
			inputFileListPaths = (
				"${PODS_ROOT}/Target Support Files/Pods-HelloWorld_ObjC/Pods-HelloWorld_ObjC-frameworks-${CONFIGURATION}-input-files.xcfilelist",
			);
			name = "[CP] Embed Pods Frameworks";
			outputFileListPaths = (
				"${PODS_ROOT}/Target Support Files/Pods-HelloWorld_ObjC/Pods-HelloWorld_ObjC-frameworks-${CONFIGURATION}-output-files.xcfilelist",
			);
			runOnlyForDeploymentPostprocessing = 0;
			shellPath = /bin/sh;
			shellScript = "\"${PODS_ROOT}/Target Support Files/Pods-HelloWorld_ObjC/Pods-HelloWorld_ObjC-frameworks.sh\"\n";
			showEnvVarsInLog = 0;
		};
/* End PBXShellScriptBuildPhase section */

/* Begin PBXSourcesBuildPhase section */
		6892A3B6268C5B1600CD8907 /* Sources */ = {
			isa = PBXSourcesBuildPhase;
			buildActionMask = 2147483647;
			files = (
				6892A3C5268C5B1600CD8907 /* ViewController.m in Sources */,
				6892A3BF268C5B1600CD8907 /* AppDelegate.m in Sources */,
				6892A3D0268C5B1A00CD8907 /* main.m in Sources */,
				6892A4A9268EE9B700CD8907 /* SceneDelegate.m in Sources */,
			);
			runOnlyForDeploymentPostprocessing = 0;
		};
/* End PBXSourcesBuildPhase section */

/* Begin PBXVariantGroup section */
		6892A3C6268C5B1600CD8907 /* Main.storyboard */ = {
			isa = PBXVariantGroup;
			children = (
				6892A3C7268C5B1600CD8907 /* Base */,
			);
			name = Main.storyboard;
			sourceTree = "<group>";
		};
		6892A3CB268C5B1A00CD8907 /* LaunchScreen.storyboard */ = {
			isa = PBXVariantGroup;
			children = (
				6892A3CC268C5B1A00CD8907 /* Base */,
			);
			name = LaunchScreen.storyboard;
			sourceTree = "<group>";
		};
/* End PBXVariantGroup section */

/* Begin XCBuildConfiguration section */
		6892A3D1268C5B1A00CD8907 /* Debug */ = {
			isa = XCBuildConfiguration;
			buildSettings = {
				ALWAYS_SEARCH_USER_PATHS = NO;
				CLANG_ANALYZER_NONNULL = YES;
				CLANG_ANALYZER_NUMBER_OBJECT_CONVERSION = YES_AGGRESSIVE;
				CLANG_CXX_LANGUAGE_STANDARD = "gnu++14";
				CLANG_CXX_LIBRARY = "libc++";
				CLANG_ENABLE_MODULES = YES;
				CLANG_ENABLE_OBJC_ARC = YES;
				CLANG_ENABLE_OBJC_WEAK = YES;
				CLANG_WARN_BLOCK_CAPTURE_AUTORELEASING = YES;
				CLANG_WARN_BOOL_CONVERSION = YES;
				CLANG_WARN_COMMA = YES;
				CLANG_WARN_CONSTANT_CONVERSION = YES;
				CLANG_WARN_DEPRECATED_OBJC_IMPLEMENTATIONS = YES;
				CLANG_WARN_DIRECT_OBJC_ISA_USAGE = YES_ERROR;
				CLANG_WARN_DOCUMENTATION_COMMENTS = YES;
				CLANG_WARN_EMPTY_BODY = YES;
				CLANG_WARN_ENUM_CONVERSION = YES;
				CLANG_WARN_INFINITE_RECURSION = YES;
				CLANG_WARN_INT_CONVERSION = YES;
				CLANG_WARN_NON_LITERAL_NULL_CONVERSION = YES;
				CLANG_WARN_OBJC_IMPLICIT_RETAIN_SELF = YES;
				CLANG_WARN_OBJC_LITERAL_CONVERSION = YES;
				CLANG_WARN_OBJC_ROOT_CLASS = YES_ERROR;
				CLANG_WARN_QUOTED_INCLUDE_IN_FRAMEWORK_HEADER = YES;
				CLANG_WARN_RANGE_LOOP_ANALYSIS = YES;
				CLANG_WARN_STRICT_PROTOTYPES = YES;
				CLANG_WARN_SUSPICIOUS_MOVE = YES;
				CLANG_WARN_UNGUARDED_AVAILABILITY = YES_AGGRESSIVE;
				CLANG_WARN_UNREACHABLE_CODE = YES;
				CLANG_WARN__DUPLICATE_METHOD_MATCH = YES;
				COPY_PHASE_STRIP = NO;
				DEBUG_INFORMATION_FORMAT = dwarf;
				ENABLE_STRICT_OBJC_MSGSEND = YES;
				ENABLE_TESTABILITY = YES;
				GCC_C_LANGUAGE_STANDARD = gnu11;
				GCC_DYNAMIC_NO_PIC = NO;
				GCC_NO_COMMON_BLOCKS = YES;
				GCC_OPTIMIZATION_LEVEL = 0;
				GCC_PREPROCESSOR_DEFINITIONS = (
					"DEBUG=1",
					"$(inherited)",
				);
				GCC_WARN_64_TO_32_BIT_CONVERSION = YES;
				GCC_WARN_ABOUT_RETURN_TYPE = YES_ERROR;
				GCC_WARN_UNDECLARED_SELECTOR = YES;
				GCC_WARN_UNINITIALIZED_AUTOS = YES_AGGRESSIVE;
				GCC_WARN_UNUSED_FUNCTION = YES;
				GCC_WARN_UNUSED_VARIABLE = YES;
				IPHONEOS_DEPLOYMENT_TARGET = 12.0;
				MTL_ENABLE_DEBUG_INFO = INCLUDE_SOURCE;
				MTL_FAST_MATH = YES;
				ONLY_ACTIVE_ARCH = YES;
				SDKROOT = iphoneos;
				VALIDATE_WORKSPACE = YES;
			};
			name = Debug;
		};
		6892A3D2268C5B1A00CD8907 /* Release */ = {
			isa = XCBuildConfiguration;
			buildSettings = {
				ALWAYS_SEARCH_USER_PATHS = NO;
				CLANG_ANALYZER_NONNULL = YES;
				CLANG_ANALYZER_NUMBER_OBJECT_CONVERSION = YES_AGGRESSIVE;
				CLANG_CXX_LANGUAGE_STANDARD = "gnu++14";
				CLANG_CXX_LIBRARY = "libc++";
				CLANG_ENABLE_MODULES = YES;
				CLANG_ENABLE_OBJC_ARC = YES;
				CLANG_ENABLE_OBJC_WEAK = YES;
				CLANG_WARN_BLOCK_CAPTURE_AUTORELEASING = YES;
				CLANG_WARN_BOOL_CONVERSION = YES;
				CLANG_WARN_COMMA = YES;
				CLANG_WARN_CONSTANT_CONVERSION = YES;
				CLANG_WARN_DEPRECATED_OBJC_IMPLEMENTATIONS = YES;
				CLANG_WARN_DIRECT_OBJC_ISA_USAGE = YES_ERROR;
				CLANG_WARN_DOCUMENTATION_COMMENTS = YES;
				CLANG_WARN_EMPTY_BODY = YES;
				CLANG_WARN_ENUM_CONVERSION = YES;
				CLANG_WARN_INFINITE_RECURSION = YES;
				CLANG_WARN_INT_CONVERSION = YES;
				CLANG_WARN_NON_LITERAL_NULL_CONVERSION = YES;
				CLANG_WARN_OBJC_IMPLICIT_RETAIN_SELF = YES;
				CLANG_WARN_OBJC_LITERAL_CONVERSION = YES;
				CLANG_WARN_OBJC_ROOT_CLASS = YES_ERROR;
				CLANG_WARN_QUOTED_INCLUDE_IN_FRAMEWORK_HEADER = YES;
				CLANG_WARN_RANGE_LOOP_ANALYSIS = YES;
				CLANG_WARN_STRICT_PROTOTYPES = YES;
				CLANG_WARN_SUSPICIOUS_MOVE = YES;
				CLANG_WARN_UNGUARDED_AVAILABILITY = YES_AGGRESSIVE;
				CLANG_WARN_UNREACHABLE_CODE = YES;
				CLANG_WARN__DUPLICATE_METHOD_MATCH = YES;
				COPY_PHASE_STRIP = NO;
				DEBUG_INFORMATION_FORMAT = "dwarf-with-dsym";
				ENABLE_NS_ASSERTIONS = NO;
				ENABLE_STRICT_OBJC_MSGSEND = YES;
				GCC_C_LANGUAGE_STANDARD = gnu11;
				GCC_NO_COMMON_BLOCKS = YES;
				GCC_WARN_64_TO_32_BIT_CONVERSION = YES;
				GCC_WARN_ABOUT_RETURN_TYPE = YES_ERROR;
				GCC_WARN_UNDECLARED_SELECTOR = YES;
				GCC_WARN_UNINITIALIZED_AUTOS = YES_AGGRESSIVE;
				GCC_WARN_UNUSED_FUNCTION = YES;
				GCC_WARN_UNUSED_VARIABLE = YES;
				IPHONEOS_DEPLOYMENT_TARGET = 12.0;
				MTL_ENABLE_DEBUG_INFO = NO;
				MTL_FAST_MATH = YES;
				SDKROOT = iphoneos;
				VALIDATE_PRODUCT = YES;
				VALIDATE_WORKSPACE = YES;
			};
			name = Release;
		};
		6892A3D4268C5B1A00CD8907 /* Debug */ = {
			isa = XCBuildConfiguration;
			buildSettings = {
				ARCHS = "$(ARCHS_STANDARD)";
				ASSETCATALOG_COMPILER_APPICON_NAME = AppIcon;
				ASSETCATALOG_COMPILER_GLOBAL_ACCENT_COLOR_NAME = AccentColor;
				CODE_SIGN_STYLE = Automatic;
				DEVELOPMENT_TEAM = W6PESGXW9M;
				FRAMEWORK_SEARCH_PATHS = (
					"$(PROJECT_DIR)",
					"\"${PODS_ROOT}/DynamsoftCore\"",
					"\"${PODS_ROOT}/DynamsoftLabelRecognizer\"",
				);
				INFOPLIST_FILE = HelloWorldObjC/Info.plist;
				IPHONEOS_DEPLOYMENT_TARGET = 9.0;
				LD_RUNPATH_SEARCH_PATHS = (
					"$(inherited)",
					"@executable_path/Frameworks",
				);
				PRODUCT_BUNDLE_IDENTIFIER = com.example.HelloWorldObjC;
				PRODUCT_NAME = "$(TARGET_NAME)";
				TARGETED_DEVICE_FAMILY = 1;
			};
			name = Debug;
		};
		6892A3D5268C5B1A00CD8907 /* Release */ = {
			isa = XCBuildConfiguration;
			buildSettings = {
				ARCHS = "$(ARCHS_STANDARD)";
				ASSETCATALOG_COMPILER_APPICON_NAME = AppIcon;
				ASSETCATALOG_COMPILER_GLOBAL_ACCENT_COLOR_NAME = AccentColor;
				CODE_SIGN_STYLE = Automatic;
				DEVELOPMENT_TEAM = W6PESGXW9M;
				FRAMEWORK_SEARCH_PATHS = (
					"$(PROJECT_DIR)",
					"\"${PODS_ROOT}/DynamsoftCore\"",
					"\"${PODS_ROOT}/DynamsoftLabelRecognizer\"",
				);
				INFOPLIST_FILE = HelloWorldObjC/Info.plist;
				IPHONEOS_DEPLOYMENT_TARGET = 9.0;
				LD_RUNPATH_SEARCH_PATHS = (
					"$(inherited)",
					"@executable_path/Frameworks",
				);
				PRODUCT_BUNDLE_IDENTIFIER = com.example.HelloWorldObjC;
				PRODUCT_NAME = "$(TARGET_NAME)";
				TARGETED_DEVICE_FAMILY = 1;
			};
			name = Release;
		};
/* End XCBuildConfiguration section */

/* Begin XCConfigurationList section */
		6892A3B5268C5B1600CD8907 /* Build configuration list for PBXProject "HelloWorldObjC" */ = {
			isa = XCConfigurationList;
			buildConfigurations = (
				6892A3D1268C5B1A00CD8907 /* Debug */,
				6892A3D2268C5B1A00CD8907 /* Release */,
			);
			defaultConfigurationIsVisible = 0;
			defaultConfigurationName = Release;
		};
		6892A3D3268C5B1A00CD8907 /* Build configuration list for PBXNativeTarget "HelloWorldObjC" */ = {
			isa = XCConfigurationList;
			buildConfigurations = (
				6892A3D4268C5B1A00CD8907 /* Debug */,
				6892A3D5268C5B1A00CD8907 /* Release */,
			);
			defaultConfigurationIsVisible = 0;
			defaultConfigurationName = Release;
		};
/* End XCConfigurationList section */
	};
	rootObject = 6892A3B2268C5B1600CD8907 /* Project object */;
}
