// !$*UTF8*$!
{
	archiveVersion = 1;
	classes = {
	};
	objectVersion = 50;
	objects = {

/* Begin PBXBuildFile section */
		1E944ED820F1C6A800B54B27 /* ViewController.swift in Sources */ = {isa = PBXBuildFile; fileRef = 1E944ED720F1C6A800B54B27 /* ViewController.swift */; };
		1EC2F2DF20F1B8DD00B3CD8E /* AppDelegate.swift in Sources */ = {isa = PBXBuildFile; fileRef = 1EC2F2DE20F1B8DD00B3CD8E /* AppDelegate.swift */; };
		1EC2F2E420F1B8DD00B3CD8E /* Main.storyboard in Resources */ = {isa = PBXBuildFile; fileRef = 1EC2F2E220F1B8DD00B3CD8E /* Main.storyboard */; };
		1EC2F2E620F1B8DE00B3CD8E /* Assets.xcassets in Resources */ = {isa = PBXBuildFile; fileRef = 1EC2F2E520F1B8DE00B3CD8E /* Assets.xcassets */; };
		1EC2F2E920F1B8DE00B3CD8E /* LaunchScreen.storyboard in Resources */ = {isa = PBXBuildFile; fileRef = 1EC2F2E720F1B8DE00B3CD8E /* LaunchScreen.storyboard */; };
		57801F842249CA6B00F20A30 /* NavigationViewController.swift in Sources */ = {isa = PBXBuildFile; fileRef = 57801F832249CA6B00F20A30 /* NavigationViewController.swift */; };
		C4244F8D265797AB009DF5DC /* NumberUppercase.caffemodel in Resources */ = {isa = PBXBuildFile; fileRef = C4244F78265797AA009DF5DC /* NumberUppercase.caffemodel */; };
		C4244F8E265797AB009DF5DC /* NumberUppercase.prototxt in Resources */ = {isa = PBXBuildFile; fileRef = C4244F79265797AA009DF5DC /* NumberUppercase.prototxt */; };
		C4244F8F265797AB009DF5DC /* NumberUppercase.txt in Resources */ = {isa = PBXBuildFile; fileRef = C4244F7A265797AA009DF5DC /* NumberUppercase.txt */; };
		C4244F90265797AB009DF5DC /* NumberUppercase_Assist_1lIJ.caffemodel in Resources */ = {isa = PBXBuildFile; fileRef = C4244F7B265797AA009DF5DC /* NumberUppercase_Assist_1lIJ.caffemodel */; };
		C4244F91265797AB009DF5DC /* NumberUppercase_Assist_1lIJ.prototxt in Resources */ = {isa = PBXBuildFile; fileRef = C4244F7C265797AA009DF5DC /* NumberUppercase_Assist_1lIJ.prototxt */; };
		C4244F92265797AB009DF5DC /* NumberUppercase_Assist_1lIJ.txt in Resources */ = {isa = PBXBuildFile; fileRef = C4244F7D265797AA009DF5DC /* NumberUppercase_Assist_1lIJ.txt */; };
		C4244F93265797AB009DF5DC /* NumberUppercase_Assist_8B.caffemodel in Resources */ = {isa = PBXBuildFile; fileRef = C4244F7E265797AA009DF5DC /* NumberUppercase_Assist_8B.caffemodel */; };
		C4244F94265797AB009DF5DC /* NumberUppercase_Assist_8B.prototxt in Resources */ = {isa = PBXBuildFile; fileRef = C4244F7F265797AA009DF5DC /* NumberUppercase_Assist_8B.prototxt */; };
		C4244F95265797AB009DF5DC /* NumberUppercase_Assist_8B.txt in Resources */ = {isa = PBXBuildFile; fileRef = C4244F80265797AA009DF5DC /* NumberUppercase_Assist_8B.txt */; };
		C4244F96265797AB009DF5DC /* NumberUppercase_Assist_8BHR.caffemodel in Resources */ = {isa = PBXBuildFile; fileRef = C4244F81265797AA009DF5DC /* NumberUppercase_Assist_8BHR.caffemodel */; };
		C4244F97265797AB009DF5DC /* NumberUppercase_Assist_8BHR.prototxt in Resources */ = {isa = PBXBuildFile; fileRef = C4244F82265797AB009DF5DC /* NumberUppercase_Assist_8BHR.prototxt */; };
		C4244F98265797AB009DF5DC /* NumberUppercase_Assist_8BHR.txt in Resources */ = {isa = PBXBuildFile; fileRef = C4244F83265797AB009DF5DC /* NumberUppercase_Assist_8BHR.txt */; };
		C4244F99265797AB009DF5DC /* NumberUppercase_Assist_O0DQ.caffemodel in Resources */ = {isa = PBXBuildFile; fileRef = C4244F84265797AB009DF5DC /* NumberUppercase_Assist_O0DQ.caffemodel */; };
		C4244F9A265797AB009DF5DC /* NumberUppercase_Assist_O0DQ.prototxt in Resources */ = {isa = PBXBuildFile; fileRef = C4244F85265797AB009DF5DC /* NumberUppercase_Assist_O0DQ.prototxt */; };
		C4244F9B265797AB009DF5DC /* NumberUppercase_Assist_O0DQ.txt in Resources */ = {isa = PBXBuildFile; fileRef = C4244F86265797AB009DF5DC /* NumberUppercase_Assist_O0DQ.txt */; };
		C4244F9C265797AB009DF5DC /* NumberUppercase_Assist_number.caffemodel in Resources */ = {isa = PBXBuildFile; fileRef = C4244F87265797AB009DF5DC /* NumberUppercase_Assist_number.caffemodel */; };
		C4244F9D265797AB009DF5DC /* NumberUppercase_Assist_number.prototxt in Resources */ = {isa = PBXBuildFile; fileRef = C4244F88265797AB009DF5DC /* NumberUppercase_Assist_number.prototxt */; };
		C4244F9E265797AB009DF5DC /* NumberUppercase_Assist_number.txt in Resources */ = {isa = PBXBuildFile; fileRef = C4244F89265797AB009DF5DC /* NumberUppercase_Assist_number.txt */; };
		C4244F9F265797AB009DF5DC /* NumberUppercase_Assist_upcase.caffemodel in Resources */ = {isa = PBXBuildFile; fileRef = C4244F8A265797AB009DF5DC /* NumberUppercase_Assist_upcase.caffemodel */; };
		C4244FA0265797AB009DF5DC /* NumberUppercase_Assist_upcase.prototxt in Resources */ = {isa = PBXBuildFile; fileRef = C4244F8B265797AB009DF5DC /* NumberUppercase_Assist_upcase.prototxt */; };
		C4244FA1265797AB009DF5DC /* NumberUppercase_Assist_upcase.txt in Resources */ = {isa = PBXBuildFile; fileRef = C4244F8C265797AB009DF5DC /* NumberUppercase_Assist_upcase.txt */; };
		C4244FA3265797C0009DF5DC /* wholeImgMRZTemplate.json in Resources */ = {isa = PBXBuildFile; fileRef = C4244FA2265797C0009DF5DC /* wholeImgMRZTemplate.json */; };
		C4244FA8265798DE009DF5DC /* LabelResultView.swift in Sources */ = {isa = PBXBuildFile; fileRef = C4244FA7265798DE009DF5DC /* LabelResultView.swift */; };
/* End PBXBuildFile section */

/* Begin PBXCopyFilesBuildPhase section */
		C4244F7626579798009DF5DC /* Embed Frameworks */ = {
			isa = PBXCopyFilesBuildPhase;
			buildActionMask = 2147483647;
			dstPath = "";
			dstSubfolderSpec = 10;
			files = (
			);
			name = "Embed Frameworks";
			runOnlyForDeploymentPostprocessing = 0;
		};
/* End PBXCopyFilesBuildPhase section */

/* Begin PBXFileReference section */
		1E944ED720F1C6A800B54B27 /* ViewController.swift */ = {isa = PBXFileReference; lastKnownFileType = sourcecode.swift; path = ViewController.swift; sourceTree = "<group>"; };
		1EC2F2DB20F1B8DD00B3CD8E /* DLRMRZSample.app */ = {isa = PBXFileReference; explicitFileType = wrapper.application; includeInIndex = 0; path = DLRMRZSample.app; sourceTree = BUILT_PRODUCTS_DIR; };
		1EC2F2DE20F1B8DD00B3CD8E /* AppDelegate.swift */ = {isa = PBXFileReference; lastKnownFileType = sourcecode.swift; path = AppDelegate.swift; sourceTree = "<group>"; };
		1EC2F2E320F1B8DD00B3CD8E /* Base */ = {isa = PBXFileReference; lastKnownFileType = file.storyboard; name = Base; path = Base.lproj/Main.storyboard; sourceTree = "<group>"; };
		1EC2F2E520F1B8DE00B3CD8E /* Assets.xcassets */ = {isa = PBXFileReference; lastKnownFileType = folder.assetcatalog; path = Assets.xcassets; sourceTree = "<group>"; };
		1EC2F2E820F1B8DE00B3CD8E /* Base */ = {isa = PBXFileReference; lastKnownFileType = file.storyboard; name = Base; path = Base.lproj/LaunchScreen.storyboard; sourceTree = "<group>"; };
		1EC2F2EA20F1B8DE00B3CD8E /* Info.plist */ = {isa = PBXFileReference; lastKnownFileType = text.plist.xml; path = Info.plist; sourceTree = "<group>"; };
		57801F832249CA6B00F20A30 /* NavigationViewController.swift */ = {isa = PBXFileReference; lastKnownFileType = sourcecode.swift; path = NavigationViewController.swift; sourceTree = "<group>"; };
		C4244F78265797AA009DF5DC /* NumberUppercase.caffemodel */ = {isa = PBXFileReference; lastKnownFileType = file; path = NumberUppercase.caffemodel; sourceTree = "<group>"; };
		C4244F79265797AA009DF5DC /* NumberUppercase.prototxt */ = {isa = PBXFileReference; fileEncoding = 4; lastKnownFileType = text; path = NumberUppercase.prototxt; sourceTree = "<group>"; };
		C4244F7A265797AA009DF5DC /* NumberUppercase.txt */ = {isa = PBXFileReference; fileEncoding = 4; lastKnownFileType = text; path = NumberUppercase.txt; sourceTree = "<group>"; };
		C4244F7B265797AA009DF5DC /* NumberUppercase_Assist_1lIJ.caffemodel */ = {isa = PBXFileReference; lastKnownFileType = file; path = NumberUppercase_Assist_1lIJ.caffemodel; sourceTree = "<group>"; };
		C4244F7C265797AA009DF5DC /* NumberUppercase_Assist_1lIJ.prototxt */ = {isa = PBXFileReference; fileEncoding = 4; lastKnownFileType = text; path = NumberUppercase_Assist_1lIJ.prototxt; sourceTree = "<group>"; };
		C4244F7D265797AA009DF5DC /* NumberUppercase_Assist_1lIJ.txt */ = {isa = PBXFileReference; fileEncoding = 4; lastKnownFileType = text; path = NumberUppercase_Assist_1lIJ.txt; sourceTree = "<group>"; };
		C4244F7E265797AA009DF5DC /* NumberUppercase_Assist_8B.caffemodel */ = {isa = PBXFileReference; lastKnownFileType = file; path = NumberUppercase_Assist_8B.caffemodel; sourceTree = "<group>"; };
		C4244F7F265797AA009DF5DC /* NumberUppercase_Assist_8B.prototxt */ = {isa = PBXFileReference; fileEncoding = 4; lastKnownFileType = text; path = NumberUppercase_Assist_8B.prototxt; sourceTree = "<group>"; };
		C4244F80265797AA009DF5DC /* NumberUppercase_Assist_8B.txt */ = {isa = PBXFileReference; fileEncoding = 4; lastKnownFileType = text; path = NumberUppercase_Assist_8B.txt; sourceTree = "<group>"; };
		C4244F81265797AA009DF5DC /* NumberUppercase_Assist_8BHR.caffemodel */ = {isa = PBXFileReference; lastKnownFileType = file; path = NumberUppercase_Assist_8BHR.caffemodel; sourceTree = "<group>"; };
		C4244F82265797AB009DF5DC /* NumberUppercase_Assist_8BHR.prototxt */ = {isa = PBXFileReference; fileEncoding = 4; lastKnownFileType = text; path = NumberUppercase_Assist_8BHR.prototxt; sourceTree = "<group>"; };
		C4244F83265797AB009DF5DC /* NumberUppercase_Assist_8BHR.txt */ = {isa = PBXFileReference; fileEncoding = 4; lastKnownFileType = text; path = NumberUppercase_Assist_8BHR.txt; sourceTree = "<group>"; };
		C4244F84265797AB009DF5DC /* NumberUppercase_Assist_O0DQ.caffemodel */ = {isa = PBXFileReference; lastKnownFileType = file; path = NumberUppercase_Assist_O0DQ.caffemodel; sourceTree = "<group>"; };
		C4244F85265797AB009DF5DC /* NumberUppercase_Assist_O0DQ.prototxt */ = {isa = PBXFileReference; fileEncoding = 4; lastKnownFileType = text; path = NumberUppercase_Assist_O0DQ.prototxt; sourceTree = "<group>"; };
		C4244F86265797AB009DF5DC /* NumberUppercase_Assist_O0DQ.txt */ = {isa = PBXFileReference; fileEncoding = 4; lastKnownFileType = text; path = NumberUppercase_Assist_O0DQ.txt; sourceTree = "<group>"; };
		C4244F87265797AB009DF5DC /* NumberUppercase_Assist_number.caffemodel */ = {isa = PBXFileReference; lastKnownFileType = file; path = NumberUppercase_Assist_number.caffemodel; sourceTree = "<group>"; };
		C4244F88265797AB009DF5DC /* NumberUppercase_Assist_number.prototxt */ = {isa = PBXFileReference; fileEncoding = 4; lastKnownFileType = text; path = NumberUppercase_Assist_number.prototxt; sourceTree = "<group>"; };
		C4244F89265797AB009DF5DC /* NumberUppercase_Assist_number.txt */ = {isa = PBXFileReference; fileEncoding = 4; lastKnownFileType = text; path = NumberUppercase_Assist_number.txt; sourceTree = "<group>"; };
		C4244F8A265797AB009DF5DC /* NumberUppercase_Assist_upcase.caffemodel */ = {isa = PBXFileReference; lastKnownFileType = file; path = NumberUppercase_Assist_upcase.caffemodel; sourceTree = "<group>"; };
		C4244F8B265797AB009DF5DC /* NumberUppercase_Assist_upcase.prototxt */ = {isa = PBXFileReference; fileEncoding = 4; lastKnownFileType = text; path = NumberUppercase_Assist_upcase.prototxt; sourceTree = "<group>"; };
		C4244F8C265797AB009DF5DC /* NumberUppercase_Assist_upcase.txt */ = {isa = PBXFileReference; fileEncoding = 4; lastKnownFileType = text; path = NumberUppercase_Assist_upcase.txt; sourceTree = "<group>"; };
		C4244FA2265797C0009DF5DC /* wholeImgMRZTemplate.json */ = {isa = PBXFileReference; fileEncoding = 4; lastKnownFileType = text.json; path = wholeImgMRZTemplate.json; sourceTree = "<group>"; };
		C4244FA7265798DE009DF5DC /* LabelResultView.swift */ = {isa = PBXFileReference; lastKnownFileType = sourcecode.swift; path = LabelResultView.swift; sourceTree = "<group>"; };
/* End PBXFileReference section */

/* Begin PBXFrameworksBuildPhase section */
		1EC2F2D820F1B8DD00B3CD8E /* Frameworks */ = {
			isa = PBXFrameworksBuildPhase;
			buildActionMask = 2147483647;
			files = (
			);
			runOnlyForDeploymentPostprocessing = 0;
		};
/* End PBXFrameworksBuildPhase section */

/* Begin PBXGroup section */
		1EC2F2D220F1B8DD00B3CD8E = {
			isa = PBXGroup;
			children = (
				C4244FA2265797C0009DF5DC /* wholeImgMRZTemplate.json */,
				C4244F77265797AA009DF5DC /* CharacterModel */,
				1EC2F2DD20F1B8DD00B3CD8E /* PassportMRZReadingSwift */,
				1EC2F2DC20F1B8DD00B3CD8E /* Products */,
				1EC2F2F020F1B94300B3CD8E /* Frameworks */,
			);
			sourceTree = "<group>";
		};
		1EC2F2DC20F1B8DD00B3CD8E /* Products */ = {
			isa = PBXGroup;
			children = (
				1EC2F2DB20F1B8DD00B3CD8E /* DLRMRZSample.app */,
			);
			name = Products;
			sourceTree = "<group>";
		};
		1EC2F2DD20F1B8DD00B3CD8E /* PassportMRZReadingSwift */ = {
			isa = PBXGroup;
			children = (
				1EC2F2DE20F1B8DD00B3CD8E /* AppDelegate.swift */,
				1EC2F2E520F1B8DE00B3CD8E /* Assets.xcassets */,
				1EC2F2EA20F1B8DE00B3CD8E /* Info.plist */,
				1EC2F2E720F1B8DE00B3CD8E /* LaunchScreen.storyboard */,
				1EC2F2E220F1B8DD00B3CD8E /* Main.storyboard */,
				57801F832249CA6B00F20A30 /* NavigationViewController.swift */,
				1E944ED720F1C6A800B54B27 /* ViewController.swift */,
				C4244FA7265798DE009DF5DC /* LabelResultView.swift */,
			);
			path = PassportMRZReadingSwift;
			sourceTree = "<group>";
		};
		1EC2F2F020F1B94300B3CD8E /* Frameworks */ = {
			isa = PBXGroup;
			children = (
			);
			name = Frameworks;
			sourceTree = "<group>";
		};
		C4244F77265797AA009DF5DC /* CharacterModel */ = {
			isa = PBXGroup;
			children = (
				C4244F78265797AA009DF5DC /* NumberUppercase.caffemodel */,
				C4244F79265797AA009DF5DC /* NumberUppercase.prototxt */,
				C4244F7A265797AA009DF5DC /* NumberUppercase.txt */,
				C4244F7B265797AA009DF5DC /* NumberUppercase_Assist_1lIJ.caffemodel */,
				C4244F7C265797AA009DF5DC /* NumberUppercase_Assist_1lIJ.prototxt */,
				C4244F7D265797AA009DF5DC /* NumberUppercase_Assist_1lIJ.txt */,
				C4244F7E265797AA009DF5DC /* NumberUppercase_Assist_8B.caffemodel */,
				C4244F7F265797AA009DF5DC /* NumberUppercase_Assist_8B.prototxt */,
				C4244F80265797AA009DF5DC /* NumberUppercase_Assist_8B.txt */,
				C4244F81265797AA009DF5DC /* NumberUppercase_Assist_8BHR.caffemodel */,
				C4244F82265797AB009DF5DC /* NumberUppercase_Assist_8BHR.prototxt */,
				C4244F83265797AB009DF5DC /* NumberUppercase_Assist_8BHR.txt */,
				C4244F84265797AB009DF5DC /* NumberUppercase_Assist_O0DQ.caffemodel */,
				C4244F85265797AB009DF5DC /* NumberUppercase_Assist_O0DQ.prototxt */,
				C4244F86265797AB009DF5DC /* NumberUppercase_Assist_O0DQ.txt */,
				C4244F87265797AB009DF5DC /* NumberUppercase_Assist_number.caffemodel */,
				C4244F88265797AB009DF5DC /* NumberUppercase_Assist_number.prototxt */,
				C4244F89265797AB009DF5DC /* NumberUppercase_Assist_number.txt */,
				C4244F8A265797AB009DF5DC /* NumberUppercase_Assist_upcase.caffemodel */,
				C4244F8B265797AB009DF5DC /* NumberUppercase_Assist_upcase.prototxt */,
				C4244F8C265797AB009DF5DC /* NumberUppercase_Assist_upcase.txt */,
			);
			path = CharacterModel;
			sourceTree = SOURCE_ROOT;
		};
/* End PBXGroup section */

/* Begin PBXNativeTarget section */
		1EC2F2DA20F1B8DD00B3CD8E /* PassportMRZReadingSwift */ = {
			isa = PBXNativeTarget;
			buildConfigurationList = 1EC2F2ED20F1B8DE00B3CD8E /* Build configuration list for PBXNativeTarget "PassportMRZReadingSwift" */;
			buildPhases = (
				1EC2F2D720F1B8DD00B3CD8E /* Sources */,
				1EC2F2D820F1B8DD00B3CD8E /* Frameworks */,
				1EC2F2D920F1B8DD00B3CD8E /* Resources */,
				C4244F7626579798009DF5DC /* Embed Frameworks */,
			);
			buildRules = (
			);
			dependencies = (
			);
			name = PassportMRZReadingSwift;
			productName = PassportMRZReadingSwift;
			productReference = 1EC2F2DB20F1B8DD00B3CD8E /* DLRMRZSample.app */;
			productType = "com.apple.product-type.application";
		};
/* End PBXNativeTarget section */

/* Begin PBXProject section */
		1EC2F2D320F1B8DD00B3CD8E /* Project object */ = {
			isa = PBXProject;
			attributes = {
				LastSwiftUpdateCheck = 0940;
				LastUpgradeCheck = 0940;
				ORGANIZATIONNAME = Dynamsoft;
				TargetAttributes = {
					1EC2F2DA20F1B8DD00B3CD8E = {
						CreatedOnToolsVersion = 9.4.1;
						LastSwiftMigration = 0940;
					};
				};
			};
			buildConfigurationList = 1EC2F2D620F1B8DD00B3CD8E /* Build configuration list for PBXProject "PassportMRZReadingSwift" */;
			compatibilityVersion = "Xcode 9.3";
			developmentRegion = en;
			hasScannedForEncodings = 0;
			knownRegions = (
				en,
				Base,
			);
			mainGroup = 1EC2F2D220F1B8DD00B3CD8E;
			productRefGroup = 1EC2F2DC20F1B8DD00B3CD8E /* Products */;
			projectDirPath = "";
			projectRoot = "";
			targets = (
				1EC2F2DA20F1B8DD00B3CD8E /* PassportMRZReadingSwift */,
			);
		};
/* End PBXProject section */

/* Begin PBXResourcesBuildPhase section */
		1EC2F2D920F1B8DD00B3CD8E /* Resources */ = {
			isa = PBXResourcesBuildPhase;
			buildActionMask = 2147483647;
			files = (
				1EC2F2E920F1B8DE00B3CD8E /* LaunchScreen.storyboard in Resources */,
				C4244FA0265797AB009DF5DC /* NumberUppercase_Assist_upcase.prototxt in Resources */,
				C4244FA1265797AB009DF5DC /* NumberUppercase_Assist_upcase.txt in Resources */,
				1EC2F2E620F1B8DE00B3CD8E /* Assets.xcassets in Resources */,
				C4244F93265797AB009DF5DC /* NumberUppercase_Assist_8B.caffemodel in Resources */,
				C4244F9B265797AB009DF5DC /* NumberUppercase_Assist_O0DQ.txt in Resources */,
				C4244F95265797AB009DF5DC /* NumberUppercase_Assist_8B.txt in Resources */,
				C4244F99265797AB009DF5DC /* NumberUppercase_Assist_O0DQ.caffemodel in Resources */,
				1EC2F2E420F1B8DD00B3CD8E /* Main.storyboard in Resources */,
				C4244F9D265797AB009DF5DC /* NumberUppercase_Assist_number.prototxt in Resources */,
				C4244F96265797AB009DF5DC /* NumberUppercase_Assist_8BHR.caffemodel in Resources */,
				C4244F8E265797AB009DF5DC /* NumberUppercase.prototxt in Resources */,
				C4244F91265797AB009DF5DC /* NumberUppercase_Assist_1lIJ.prototxt in Resources */,
				C4244F9C265797AB009DF5DC /* NumberUppercase_Assist_number.caffemodel in Resources */,
				C4244F9E265797AB009DF5DC /* NumberUppercase_Assist_number.txt in Resources */,
				C4244F9A265797AB009DF5DC /* NumberUppercase_Assist_O0DQ.prototxt in Resources */,
				C4244F98265797AB009DF5DC /* NumberUppercase_Assist_8BHR.txt in Resources */,
				C4244F9F265797AB009DF5DC /* NumberUppercase_Assist_upcase.caffemodel in Resources */,
				C4244F90265797AB009DF5DC /* NumberUppercase_Assist_1lIJ.caffemodel in Resources */,
				C4244FA3265797C0009DF5DC /* wholeImgMRZTemplate.json in Resources */,
				C4244F94265797AB009DF5DC /* NumberUppercase_Assist_8B.prototxt in Resources */,
				C4244F97265797AB009DF5DC /* NumberUppercase_Assist_8BHR.prototxt in Resources */,
				C4244F8F265797AB009DF5DC /* NumberUppercase.txt in Resources */,
				C4244F92265797AB009DF5DC /* NumberUppercase_Assist_1lIJ.txt in Resources */,
				C4244F8D265797AB009DF5DC /* NumberUppercase.caffemodel in Resources */,
			);
			runOnlyForDeploymentPostprocessing = 0;
		};
/* End PBXResourcesBuildPhase section */

/* Begin PBXSourcesBuildPhase section */
		1EC2F2D720F1B8DD00B3CD8E /* Sources */ = {
			isa = PBXSourcesBuildPhase;
			buildActionMask = 2147483647;
			files = (
				C4244FA8265798DE009DF5DC /* LabelResultView.swift in Sources */,
				1EC2F2DF20F1B8DD00B3CD8E /* AppDelegate.swift in Sources */,
				57801F842249CA6B00F20A30 /* NavigationViewController.swift in Sources */,
				1E944ED820F1C6A800B54B27 /* ViewController.swift in Sources */,
			);
			runOnlyForDeploymentPostprocessing = 0;
		};
/* End PBXSourcesBuildPhase section */

/* Begin PBXVariantGroup section */
		1EC2F2E220F1B8DD00B3CD8E /* Main.storyboard */ = {
			isa = PBXVariantGroup;
			children = (
				1EC2F2E320F1B8DD00B3CD8E /* Base */,
			);
			name = Main.storyboard;
			sourceTree = "<group>";
		};
		1EC2F2E720F1B8DE00B3CD8E /* LaunchScreen.storyboard */ = {
			isa = PBXVariantGroup;
			children = (
				1EC2F2E820F1B8DE00B3CD8E /* Base */,
			);
			name = LaunchScreen.storyboard;
			sourceTree = "<group>";
		};
/* End PBXVariantGroup section */

/* Begin XCBuildConfiguration section */
		1EC2F2EB20F1B8DE00B3CD8E /* Debug */ = {
			isa = XCBuildConfiguration;
			buildSettings = {
				ALWAYS_SEARCH_USER_PATHS = NO;
				CLANG_ANALYZER_NONNULL = YES;
				CLANG_ANALYZER_NUMBER_OBJECT_CONVERSION = YES_AGGRESSIVE;
				CLANG_CXX_LANGUAGE_STANDARD = "gnu++14";
				CLANG_CXX_LIBRARY = "libc++";
				CLANG_ENABLE_MODULES = YES;
				CLANG_ENABLE_OBJC_ARC = YES;
				CLANG_ENABLE_OBJC_WEAK = YES;
				CLANG_WARN_BLOCK_CAPTURE_AUTORELEASING = YES;
				CLANG_WARN_BOOL_CONVERSION = YES;
				CLANG_WARN_COMMA = YES;
				CLANG_WARN_CONSTANT_CONVERSION = YES;
				CLANG_WARN_DEPRECATED_OBJC_IMPLEMENTATIONS = YES;
				CLANG_WARN_DIRECT_OBJC_ISA_USAGE = YES_ERROR;
				CLANG_WARN_DOCUMENTATION_COMMENTS = YES;
				CLANG_WARN_EMPTY_BODY = YES;
				CLANG_WARN_ENUM_CONVERSION = YES;
				CLANG_WARN_INFINITE_RECURSION = YES;
				CLANG_WARN_INT_CONVERSION = YES;
				CLANG_WARN_NON_LITERAL_NULL_CONVERSION = YES;
				CLANG_WARN_OBJC_IMPLICIT_RETAIN_SELF = YES;
				CLANG_WARN_OBJC_LITERAL_CONVERSION = YES;
				CLANG_WARN_OBJC_ROOT_CLASS = YES_ERROR;
				CLANG_WARN_RANGE_LOOP_ANALYSIS = YES;
				CLANG_WARN_STRICT_PROTOTYPES = YES;
				CLANG_WARN_SUSPICIOUS_MOVE = YES;
				CLANG_WARN_UNGUARDED_AVAILABILITY = YES_AGGRESSIVE;
				CLANG_WARN_UNREACHABLE_CODE = YES;
				CLANG_WARN__DUPLICATE_METHOD_MATCH = YES;
				CODE_SIGN_IDENTITY = "iPhone Developer";
				COPY_PHASE_STRIP = NO;
				DEBUG_INFORMATION_FORMAT = dwarf;
				ENABLE_STRICT_OBJC_MSGSEND = YES;
				ENABLE_TESTABILITY = YES;
				GCC_C_LANGUAGE_STANDARD = gnu11;
				GCC_DYNAMIC_NO_PIC = NO;
				GCC_NO_COMMON_BLOCKS = YES;
				GCC_OPTIMIZATION_LEVEL = 0;
				GCC_PREPROCESSOR_DEFINITIONS = (
					"DEBUG=1",
					"$(inherited)",
				);
				GCC_WARN_64_TO_32_BIT_CONVERSION = YES;
				GCC_WARN_ABOUT_RETURN_TYPE = YES_ERROR;
				GCC_WARN_UNDECLARED_SELECTOR = YES;
				GCC_WARN_UNINITIALIZED_AUTOS = YES_AGGRESSIVE;
				GCC_WARN_UNUSED_FUNCTION = YES;
				GCC_WARN_UNUSED_VARIABLE = YES;
				IPHONEOS_DEPLOYMENT_TARGET = 9.3;
				MTL_ENABLE_DEBUG_INFO = YES;
				ONLY_ACTIVE_ARCH = YES;
				OTHER_LDFLAGS = "";
				SDKROOT = iphoneos;
				SWIFT_ACTIVE_COMPILATION_CONDITIONS = DEBUG;
				SWIFT_OPTIMIZATION_LEVEL = "-Onone";
				VALID_ARCHS = "arm64 arm64e armv7 armv7s i386";
			};
			name = Debug;
		};
		1EC2F2EC20F1B8DE00B3CD8E /* Release */ = {
			isa = XCBuildConfiguration;
			buildSettings = {
				ALWAYS_SEARCH_USER_PATHS = NO;
				CLANG_ANALYZER_NONNULL = YES;
				CLANG_ANALYZER_NUMBER_OBJECT_CONVERSION = YES_AGGRESSIVE;
				CLANG_CXX_LANGUAGE_STANDARD = "gnu++14";
				CLANG_CXX_LIBRARY = "libc++";
				CLANG_ENABLE_MODULES = YES;
				CLANG_ENABLE_OBJC_ARC = YES;
				CLANG_ENABLE_OBJC_WEAK = YES;
				CLANG_WARN_BLOCK_CAPTURE_AUTORELEASING = YES;
				CLANG_WARN_BOOL_CONVERSION = YES;
				CLANG_WARN_COMMA = YES;
				CLANG_WARN_CONSTANT_CONVERSION = YES;
				CLANG_WARN_DEPRECATED_OBJC_IMPLEMENTATIONS = YES;
				CLANG_WARN_DIRECT_OBJC_ISA_USAGE = YES_ERROR;
				CLANG_WARN_DOCUMENTATION_COMMENTS = YES;
				CLANG_WARN_EMPTY_BODY = YES;
				CLANG_WARN_ENUM_CONVERSION = YES;
				CLANG_WARN_INFINITE_RECURSION = YES;
				CLANG_WARN_INT_CONVERSION = YES;
				CLANG_WARN_NON_LITERAL_NULL_CONVERSION = YES;
				CLANG_WARN_OBJC_IMPLICIT_RETAIN_SELF = YES;
				CLANG_WARN_OBJC_LITERAL_CONVERSION = YES;
				CLANG_WARN_OBJC_ROOT_CLASS = YES_ERROR;
				CLANG_WARN_RANGE_LOOP_ANALYSIS = YES;
				CLANG_WARN_STRICT_PROTOTYPES = YES;
				CLANG_WARN_SUSPICIOUS_MOVE = YES;
				CLANG_WARN_UNGUARDED_AVAILABILITY = YES_AGGRESSIVE;
				CLANG_WARN_UNREACHABLE_CODE = YES;
				CLANG_WARN__DUPLICATE_METHOD_MATCH = YES;
				CODE_SIGN_IDENTITY = "iPhone Developer";
				COPY_PHASE_STRIP = NO;
				DEBUG_INFORMATION_FORMAT = "dwarf-with-dsym";
				ENABLE_NS_ASSERTIONS = NO;
				ENABLE_STRICT_OBJC_MSGSEND = YES;
				GCC_C_LANGUAGE_STANDARD = gnu11;
				GCC_NO_COMMON_BLOCKS = YES;
				GCC_WARN_64_TO_32_BIT_CONVERSION = YES;
				GCC_WARN_ABOUT_RETURN_TYPE = YES_ERROR;
				GCC_WARN_UNDECLARED_SELECTOR = YES;
				GCC_WARN_UNINITIALIZED_AUTOS = YES_AGGRESSIVE;
				GCC_WARN_UNUSED_FUNCTION = YES;
				GCC_WARN_UNUSED_VARIABLE = YES;
				IPHONEOS_DEPLOYMENT_TARGET = 9.3;
				MTL_ENABLE_DEBUG_INFO = NO;
				OTHER_LDFLAGS = "";
				SDKROOT = iphoneos;
				SWIFT_COMPILATION_MODE = wholemodule;
				SWIFT_OPTIMIZATION_LEVEL = "-O";
				VALIDATE_PRODUCT = YES;
				VALID_ARCHS = "arm64 arm64e armv7 armv7s i386";
			};
			name = Release;
		};
		1EC2F2EE20F1B8DE00B3CD8E /* Debug */ = {
			isa = XCBuildConfiguration;
			buildSettings = {
				ASSETCATALOG_COMPILER_APPICON_NAME = AppIcon;
				CLANG_ENABLE_MODULES = YES;
				CODE_SIGN_STYLE = Automatic;
				DEVELOPMENT_TEAM = W6PESGXW9M;
				FRAMEWORK_SEARCH_PATHS = (
					"$(PROJECT_DIR)",
					"\"${PODS_ROOT}/DynamsoftCore\"",
					"\"${PODS_ROOT}/DynamsoftLabelRecognizer\"",
				);
				INFOPLIST_FILE = PassportMRZReadingSwift/Info.plist;
				IPHONEOS_DEPLOYMENT_TARGET = 9.0;
				LD_RUNPATH_SEARCH_PATHS = (
					"$(inherited)",
					"@executable_path/Frameworks",
				);
				LIBRARY_SEARCH_PATHS = (
					"$(inherited)",
					"$(SDKROOT)/usr/lib/swift",
				);
				MTL_ENABLE_DEBUG_INFO = YES;
				ONLY_ACTIVE_ARCH = YES;
				OTHER_LDFLAGS = "";
				PRODUCT_BUNDLE_IDENTIFIER = com.Dynamsoft.dlrmrzsampleswift;
				PRODUCT_NAME = DLRMRZSample;
				SWIFT_OBJC_BRIDGING_HEADER = "";
				SWIFT_OPTIMIZATION_LEVEL = "-Onone";
				SWIFT_VERSION = 4.0;
				TARGETED_DEVICE_FAMILY = 1;
				VALIDATE_WORKSPACE = YES;
				VALID_ARCHS = arm64;
			};
			name = Debug;
		};
		1EC2F2EF20F1B8DE00B3CD8E /* Release */ = {
			isa = XCBuildConfiguration;
			buildSettings = {
				ASSETCATALOG_COMPILER_APPICON_NAME = AppIcon;
				CLANG_ENABLE_MODULES = YES;
				CODE_SIGN_STYLE = Automatic;
				DEVELOPMENT_TEAM = W6PESGXW9M;
				FRAMEWORK_SEARCH_PATHS = (
					"$(PROJECT_DIR)",
					"\"${PODS_ROOT}/DynamsoftCore\"",
					"\"${PODS_ROOT}/DynamsoftLabelRecognizer\"",
				);
				INFOPLIST_FILE = PassportMRZReadingSwift/Info.plist;
				IPHONEOS_DEPLOYMENT_TARGET = 9.0;
				LD_RUNPATH_SEARCH_PATHS = (
					"$(inherited)",
					"@executable_path/Frameworks",
				);
				LIBRARY_SEARCH_PATHS = (
					"$(inherited)",
					"$(SDKROOT)/usr/lib/swift",
				);
				ONLY_ACTIVE_ARCH = NO;
				OTHER_LDFLAGS = "";
				PRODUCT_BUNDLE_IDENTIFIER = com.Dynamsoft.dlrmrzsampleswift;
				PRODUCT_NAME = DLRMRZSample;
				SWIFT_OBJC_BRIDGING_HEADER = "";
				SWIFT_VERSION = 4.0;
				TARGETED_DEVICE_FAMILY = 1;
				VALIDATE_WORKSPACE = YES;
				VALID_ARCHS = arm64;
			};
			name = Release;
		};
/* End XCBuildConfiguration section */

/* Begin XCConfigurationList section */
		1EC2F2D620F1B8DD00B3CD8E /* Build configuration list for PBXProject "PassportMRZReadingSwift" */ = {
			isa = XCConfigurationList;
			buildConfigurations = (
				1EC2F2EB20F1B8DE00B3CD8E /* Debug */,
				1EC2F2EC20F1B8DE00B3CD8E /* Release */,
			);
			defaultConfigurationIsVisible = 0;
			defaultConfigurationName = Release;
		};
		1EC2F2ED20F1B8DE00B3CD8E /* Build configuration list for PBXNativeTarget "PassportMRZReadingSwift" */ = {
			isa = XCConfigurationList;
			buildConfigurations = (
				1EC2F2EE20F1B8DE00B3CD8E /* Debug */,
				1EC2F2EF20F1B8DE00B3CD8E /* Release */,
			);
			defaultConfigurationIsVisible = 0;
			defaultConfigurationName = Release;
		};
/* End XCConfigurationList section */
	};
	rootObject = 1EC2F2D320F1B8DD00B3CD8E /* Project object */;
}
